
Microsoft Visual Studio Solution File, Format Version 12.00
# Visual Studio Version 16
VisualStudioVersion = 16.0.30503.244
MinimumVisualStudioVersion = 10.0.40219.1
Project("{2150E333-8FDC-42A3-9474-1A3956D46DE8}") = "S1", "S1", "{A9F58912-6A27-4433-BAF4-7363F42B2B74}"
EndProject
Project("{2150E333-8FDC-42A3-9474-1A3956D46DE8}") = "S2", "S2", "{A5DACD81-C6D3-4FF8-914B-9E48D9326D18}"
EndProject
Project("{9A19103F-16F7-4668-BE54-9A1E7A4F7556}") = "SimplePerson", "SimplePerson\SimplePerson.csproj", "{964286A6-30A3-4C18-A40A-82B22FDC808E}"
EndProject
Project("{9A19103F-16F7-4668-BE54-9A1E7A4F7556}") = "Numbers", "Numbers\Numbers.csproj", "{9B561E1A-D4BB-4DBF-A673-DC98385D1591}"
EndProject
Project("{9A19103F-16F7-4668-BE54-9A1E7A4F7556}") = "ArrayWorks", "ArrayWorks\ArrayWorks.csproj", "{3846CDA4-568F-4CED-923A-4F9032542F48}"
EndProject
Project("{9A19103F-16F7-4668-BE54-9A1E7A4F7556}") = "Polymorphism", "Polymorphism\Polymorphism.csproj", "{334869FB-51B2-4298-8845-E0A8F4B6546F}"
EndProject
Project("{9A19103F-16F7-4668-BE54-9A1E7A4F7556}") = "StringWorks", "StringWorks\StringWorks.csproj", "{84274F36-E352-4EDB-8734-627B61ADFA68}"
EndProject
Project("{9A19103F-16F7-4668-BE54-9A1E7A4F7556}") = "Math", "Math\Math.csproj", "{7D5E9D4E-BDD2-478C-99CA-CD4A3B79693A}"
EndProject
Project("{9A19103F-16F7-4668-BE54-9A1E7A4F7556}") = "Time", "TimeStruct\Time.csproj", "{9D9F14F7-5377-40DD-81F3-B0E46331A2E3}"
EndProject
Project("{FAE04EC0-301F-11D3-BF4B-00C04F79EFBC}") = "Doctors", "Doctors\Doctors.csproj", "{C8736734-938F-4E25-ABB7-E7C221BAEF98}"
EndProject
Global
	GlobalSection(SolutionConfigurationPlatforms) = preSolution
		Debug|Any CPU = Debug|Any CPU
		Release|Any CPU = Release|Any CPU
	EndGlobalSection
	GlobalSection(ProjectConfigurationPlatforms) = postSolution
		{964286A6-30A3-4C18-A40A-82B22FDC808E}.Debug|Any CPU.ActiveCfg = Debug|Any CPU
		{964286A6-30A3-4C18-A40A-82B22FDC808E}.Debug|Any CPU.Build.0 = Debug|Any CPU
		{964286A6-30A3-4C18-A40A-82B22FDC808E}.Release|Any CPU.ActiveCfg = Release|Any CPU
		{964286A6-30A3-4C18-A40A-82B22FDC808E}.Release|Any CPU.Build.0 = Release|Any CPU
		{9B561E1A-D4BB-4DBF-A673-DC98385D1591}.Debug|Any CPU.ActiveCfg = Debug|Any CPU
		{9B561E1A-D4BB-4DBF-A673-DC98385D1591}.Debug|Any CPU.Build.0 = Debug|Any CPU
		{9B561E1A-D4BB-4DBF-A673-DC98385D1591}.Release|Any CPU.ActiveCfg = Release|Any CPU
		{9B561E1A-D4BB-4DBF-A673-DC98385D1591}.Release|Any CPU.Build.0 = Release|Any CPU
		{3846CDA4-568F-4CED-923A-4F9032542F48}.Debug|Any CPU.ActiveCfg = Debug|Any CPU
		{3846CDA4-568F-4CED-923A-4F9032542F48}.Debug|Any CPU.Build.0 = Debug|Any CPU
		{3846CDA4-568F-4CED-923A-4F9032542F48}.Release|Any CPU.ActiveCfg = Release|Any CPU
		{3846CDA4-568F-4CED-923A-4F9032542F48}.Release|Any CPU.Build.0 = Release|Any CPU
		{334869FB-51B2-4298-8845-E0A8F4B6546F}.Debug|Any CPU.ActiveCfg = Debug|Any CPU
		{334869FB-51B2-4298-8845-E0A8F4B6546F}.Debug|Any CPU.Build.0 = Debug|Any CPU
		{334869FB-51B2-4298-8845-E0A8F4B6546F}.Release|Any CPU.ActiveCfg = Release|Any CPU
		{334869FB-51B2-4298-8845-E0A8F4B6546F}.Release|Any CPU.Build.0 = Release|Any CPU
		{84274F36-E352-4EDB-8734-627B61ADFA68}.Debug|Any CPU.ActiveCfg = Debug|Any CPU
		{84274F36-E352-4EDB-8734-627B61ADFA68}.Debug|Any CPU.Build.0 = Debug|Any CPU
		{84274F36-E352-4EDB-8734-627B61ADFA68}.Release|Any CPU.ActiveCfg = Release|Any CPU
		{84274F36-E352-4EDB-8734-627B61ADFA68}.Release|Any CPU.Build.0 = Release|Any CPU
		{7D5E9D4E-BDD2-478C-99CA-CD4A3B79693A}.Debug|Any CPU.ActiveCfg = Debug|Any CPU
		{7D5E9D4E-BDD2-478C-99CA-CD4A3B79693A}.Debug|Any CPU.Build.0 = Debug|Any CPU
		{7D5E9D4E-BDD2-478C-99CA-CD4A3B79693A}.Release|Any CPU.ActiveCfg = Release|Any CPU
		{7D5E9D4E-BDD2-478C-99CA-CD4A3B79693A}.Release|Any CPU.Build.0 = Release|Any CPU
		{9D9F14F7-5377-40DD-81F3-B0E46331A2E3}.Debug|Any CPU.ActiveCfg = Debug|Any CPU
		{9D9F14F7-5377-40DD-81F3-B0E46331A2E3}.Debug|Any CPU.Build.0 = Debug|Any CPU
		{9D9F14F7-5377-40DD-81F3-B0E46331A2E3}.Release|Any CPU.ActiveCfg = Release|Any CPU
		{9D9F14F7-5377-40DD-81F3-B0E46331A2E3}.Release|Any CPU.Build.0 = Release|Any CPU
		{C8736734-938F-4E25-ABB7-E7C221BAEF98}.Debug|Any CPU.ActiveCfg = Debug|Any CPU
		{C8736734-938F-4E25-ABB7-E7C221BAEF98}.Debug|Any CPU.Build.0 = Debug|Any CPU
		{C8736734-938F-4E25-ABB7-E7C221BAEF98}.Release|Any CPU.ActiveCfg = Release|Any CPU
		{C8736734-938F-4E25-ABB7-E7C221BAEF98}.Release|Any CPU.Build.0 = Release|Any CPU
	EndGlobalSection
	GlobalSection(SolutionProperties) = preSolution
		HideSolutionNode = FALSE
	EndGlobalSection
	GlobalSection(NestedProjects) = preSolution
		{964286A6-30A3-4C18-A40A-82B22FDC808E} = {A9F58912-6A27-4433-BAF4-7363F42B2B74}
		{9B561E1A-D4BB-4DBF-A673-DC98385D1591} = {A9F58912-6A27-4433-BAF4-7363F42B2B74}
		{3846CDA4-568F-4CED-923A-4F9032542F48} = {A9F58912-6A27-4433-BAF4-7363F42B2B74}
		{334869FB-51B2-4298-8845-E0A8F4B6546F} = {A5DACD81-C6D3-4FF8-914B-9E48D9326D18}
		{84274F36-E352-4EDB-8734-627B61ADFA68} = {A9F58912-6A27-4433-BAF4-7363F42B2B74}
		{7D5E9D4E-BDD2-478C-99CA-CD4A3B79693A} = {A9F58912-6A27-4433-BAF4-7363F42B2B74}
		{9D9F14F7-5377-40DD-81F3-B0E46331A2E3} = {A5DACD81-C6D3-4FF8-914B-9E48D9326D18}
		{C8736734-938F-4E25-ABB7-E7C221BAEF98} = {A5DACD81-C6D3-4FF8-914B-9E48D9326D18}
	EndGlobalSection
	GlobalSection(ExtensibilityGlobals) = postSolution
		SolutionGuid = {CA5C215A-0DB2-4598-B45F-103781ADE700}
	EndGlobalSection
EndGlobal
